
Microsoft Visual Studio Solution File, Format Version 12.00
# Visual Studio Version 17
VisualStudioVersion = 17.8.34330.188
MinimumVisualStudioVersion = 10.0.40219.1
Project("{FAE04EC0-301F-11D3-BF4B-00C04F79EFBC}") = "AccountConsole", "AccountConsole\AccountConsole.csproj", "{DC0C8766-C2AD-4DF0-BE85-D3693C7B4259}"
EndProject
Global
	GlobalSection(SolutionConfigurationPlatforms) = preSolution
		Debug|Any CPU = Debug|Any CPU
		Release|Any CPU = Release|Any CPU
	EndGlobalSection
	GlobalSection(ProjectConfigurationPlatforms) = postSolution
		{DC0C8766-C2AD-4DF0-BE85-D3693C7B4259}.Debug|Any CPU.ActiveCfg = Debug|Any CPU
		{DC0C8766-C2AD-4DF0-BE85-D3693C7B4259}.Debug|Any CPU.Build.0 = Debug|Any CPU
		{DC0C8766-C2AD-4DF0-BE85-D3693C7B4259}.Release|Any CPU.ActiveCfg = Release|Any CPU
		{DC0C8766-C2AD-4DF0-BE85-D3693C7B4259}.Release|Any CPU.Build.0 = Release|Any CPU
	EndGlobalSection
	GlobalSection(SolutionProperties) = preSolution
		HideSolutionNode = FALSE
	EndGlobalSection
	GlobalSection(ExtensibilityGlobals) = postSolution
		SolutionGuid = {2A1ACCA1-647C-4FCE-BAB7-4B327244077D}
	EndGlobalSection
EndGlobal
